
Microsoft Visual Studio Solution File, Format Version 12.00
# Visual Studio Version 17
VisualStudioVersion = 17.8.34322.80
MinimumVisualStudioVersion = 10.0.40219.1
Project("{FAE04EC0-301F-11D3-BF4B-00C04F79EFBC}") = "Task1", "Task1\Task1.csproj", "{63794164-45FF-49A8-959B-B15665A2BA6C}"
EndProject
Project("{FAE04EC0-301F-11D3-BF4B-00C04F79EFBC}") = "Task2", "Task2\Task2.csproj", "{422BA120-980B-4C17-9EE7-70CBAA6AAB4F}"
EndProject
Project("{FAE04EC0-301F-11D3-BF4B-00C04F79EFBC}") = "Task3", "Task3\Task3.csproj", "{DFB927B5-7E83-411C-BD9E-486A77B2079B}"
EndProject
Project("{FAE04EC0-301F-11D3-BF4B-00C04F79EFBC}") = "Task4", "Task4\Task4.csproj", "{B0B99449-98DC-4597-9451-1520F3611EA9}"
EndProject
Project("{FAE04EC0-301F-11D3-BF4B-00C04F79EFBC}") = "Task5", "Task5\Task5.csproj", "{7217091C-A347-4FB0-BD11-ED5D7753DF1D}"
EndProject
Global
	GlobalSection(SolutionConfigurationPlatforms) = preSolution
		Debug|Any CPU = Debug|Any CPU
		Release|Any CPU = Release|Any CPU
	EndGlobalSection
	GlobalSection(ProjectConfigurationPlatforms) = postSolution
		{63794164-45FF-49A8-959B-B15665A2BA6C}.Debug|Any CPU.ActiveCfg = Debug|Any CPU
		{63794164-45FF-49A8-959B-B15665A2BA6C}.Debug|Any CPU.Build.0 = Debug|Any CPU
		{63794164-45FF-49A8-959B-B15665A2BA6C}.Release|Any CPU.ActiveCfg = Release|Any CPU
		{63794164-45FF-49A8-959B-B15665A2BA6C}.Release|Any CPU.Build.0 = Release|Any CPU
		{422BA120-980B-4C17-9EE7-70CBAA6AAB4F}.Debug|Any CPU.ActiveCfg = Debug|Any CPU
		{422BA120-980B-4C17-9EE7-70CBAA6AAB4F}.Debug|Any CPU.Build.0 = Debug|Any CPU
		{422BA120-980B-4C17-9EE7-70CBAA6AAB4F}.Release|Any CPU.ActiveCfg = Release|Any CPU
		{422BA120-980B-4C17-9EE7-70CBAA6AAB4F}.Release|Any CPU.Build.0 = Release|Any CPU
		{DFB927B5-7E83-411C-BD9E-486A77B2079B}.Debug|Any CPU.ActiveCfg = Debug|Any CPU
		{DFB927B5-7E83-411C-BD9E-486A77B2079B}.Debug|Any CPU.Build.0 = Debug|Any CPU
		{DFB927B5-7E83-411C-BD9E-486A77B2079B}.Release|Any CPU.ActiveCfg = Release|Any CPU
		{DFB927B5-7E83-411C-BD9E-486A77B2079B}.Release|Any CPU.Build.0 = Release|Any CPU
		{B0B99449-98DC-4597-9451-1520F3611EA9}.Debug|Any CPU.ActiveCfg = Debug|Any CPU
		{B0B99449-98DC-4597-9451-1520F3611EA9}.Debug|Any CPU.Build.0 = Debug|Any CPU
		{B0B99449-98DC-4597-9451-1520F3611EA9}.Release|Any CPU.ActiveCfg = Release|Any CPU
		{B0B99449-98DC-4597-9451-1520F3611EA9}.Release|Any CPU.Build.0 = Release|Any CPU
		{7217091C-A347-4FB0-BD11-ED5D7753DF1D}.Debug|Any CPU.ActiveCfg = Debug|Any CPU
		{7217091C-A347-4FB0-BD11-ED5D7753DF1D}.Debug|Any CPU.Build.0 = Debug|Any CPU
		{7217091C-A347-4FB0-BD11-ED5D7753DF1D}.Release|Any CPU.ActiveCfg = Release|Any CPU
		{7217091C-A347-4FB0-BD11-ED5D7753DF1D}.Release|Any CPU.Build.0 = Release|Any CPU
	EndGlobalSection
	GlobalSection(SolutionProperties) = preSolution
		HideSolutionNode = FALSE
	EndGlobalSection
	GlobalSection(ExtensibilityGlobals) = postSolution
		SolutionGuid = {688891B3-94AC-4DF6-9E70-2FFC1DF89BB7}
	EndGlobalSection
EndGlobal
